// !$*UTF8*$!
{
	archiveVersion = 1;
	classes = {
	};
	objectVersion = 50;
	objects = {

/* Begin PBXBuildFile section */
		4A81565F25D1A35E00266327 /* ListItem.swift in Sources */ = {isa = PBXBuildFile; fileRef = 4A81565E25D1A35E00266327 /* ListItem.swift */; };
		4AB95A7F25CC40AA00956E74 /* FavouriteThingsApp.swift in Sources */ = {isa = PBXBuildFile; fileRef = 4AB95A7E25CC40AA00956E74 /* FavouriteThingsApp.swift */; };
		4AB95A8125CC40AA00956E74 /* ContentView.swift in Sources */ = {isa = PBXBuildFile; fileRef = 4AB95A8025CC40AA00956E74 /* ContentView.swift */; };
		4AB95A8325CC40AE00956E74 /* Assets.xcassets in Resources */ = {isa = PBXBuildFile; fileRef = 4AB95A8225CC40AE00956E74 /* Assets.xcassets */; };
		4AE8A14825CDA8EE008C3ACE /* MeanwhileInCanada.swift in Sources */ = {isa = PBXBuildFile; fileRef = 4AE8A14725CDA8EE008C3ACE /* MeanwhileInCanada.swift */; };
		4AE8A14B25CDA906008C3ACE /* ShovelCanadianDriveway.swift in Sources */ = {isa = PBXBuildFile; fileRef = 4AE8A14A25CDA906008C3ACE /* ShovelCanadianDriveway.swift */; };
		4AE8A14E25CDA913008C3ACE /* ParkingSpot.swift in Sources */ = {isa = PBXBuildFile; fileRef = 4AE8A14D25CDA913008C3ACE /* ParkingSpot.swift */; };
		4AE8A15625CDA9D7008C3ACE /* BeenAPleasure.swift in Sources */ = {isa = PBXBuildFile; fileRef = 4AE8A15525CDA9D7008C3ACE /* BeenAPleasure.swift */; };
		4AFE132D25D3227200342C7F /* thing.swift in Sources */ = {isa = PBXBuildFile; fileRef = 4AFE132C25D3227200342C7F /* thing.swift */; };
		4AFE133025D43EA500342C7F /* ThingDetail.swift in Sources */ = {isa = PBXBuildFile; fileRef = 4AFE132F25D43EA500342C7F /* ThingDetail.swift */; };
		4AFE133E25D44DAC00342C7F /* Segments.swift in Sources */ = {isa = PBXBuildFile; fileRef = 4AFE133D25D44DAC00342C7F /* Segments.swift */; };
/* End PBXBuildFile section */

/* Begin PBXFileReference section */
		4A81565E25D1A35E00266327 /* ListItem.swift */ = {isa = PBXFileReference; lastKnownFileType = sourcecode.swift; path = ListItem.swift; sourceTree = "<group>"; };
		4AB95A7B25CC40AA00956E74 /* FavouriteThings.app */ = {isa = PBXFileReference; explicitFileType = wrapper.application; includeInIndex = 0; path = FavouriteThings.app; sourceTree = BUILT_PRODUCTS_DIR; };
		4AB95A7E25CC40AA00956E74 /* FavouriteThingsApp.swift */ = {isa = PBXFileReference; lastKnownFileType = sourcecode.swift; path = FavouriteThingsApp.swift; sourceTree = "<group>"; };
		4AB95A8025CC40AA00956E74 /* ContentView.swift */ = {isa = PBXFileReference; lastKnownFileType = sourcecode.swift; path = ContentView.swift; sourceTree = "<group>"; };
		4AB95A8225CC40AE00956E74 /* Assets.xcassets */ = {isa = PBXFileReference; lastKnownFileType = folder.assetcatalog; path = Assets.xcassets; sourceTree = "<group>"; };
		4AB95A8725CC40AE00956E74 /* Info.plist */ = {isa = PBXFileReference; lastKnownFileType = text.plist.xml; path = Info.plist; sourceTree = "<group>"; };
		4AE8A14725CDA8EE008C3ACE /* MeanwhileInCanada.swift */ = {isa = PBXFileReference; lastKnownFileType = sourcecode.swift; path = MeanwhileInCanada.swift; sourceTree = "<group>"; };
		4AE8A14A25CDA906008C3ACE /* ShovelCanadianDriveway.swift */ = {isa = PBXFileReference; lastKnownFileType = sourcecode.swift; path = ShovelCanadianDriveway.swift; sourceTree = "<group>"; };
		4AE8A14D25CDA913008C3ACE /* ParkingSpot.swift */ = {isa = PBXFileReference; lastKnownFileType = sourcecode.swift; path = ParkingSpot.swift; sourceTree = "<group>"; };
		4AE8A15525CDA9D7008C3ACE /* BeenAPleasure.swift */ = {isa = PBXFileReference; lastKnownFileType = sourcecode.swift; path = BeenAPleasure.swift; sourceTree = "<group>"; };
		4AFE132C25D3227200342C7F /* thing.swift */ = {isa = PBXFileReference; lastKnownFileType = sourcecode.swift; path = thing.swift; sourceTree = "<group>"; };
		4AFE132F25D43EA500342C7F /* ThingDetail.swift */ = {isa = PBXFileReference; lastKnownFileType = sourcecode.swift; path = ThingDetail.swift; sourceTree = "<group>"; };
		4AFE133D25D44DAC00342C7F /* Segments.swift */ = {isa = PBXFileReference; lastKnownFileType = sourcecode.swift; path = Segments.swift; sourceTree = "<group>"; };
/* End PBXFileReference section */

/* Begin PBXFrameworksBuildPhase section */
		4AB95A7825CC40AA00956E74 /* Frameworks */ = {
			isa = PBXFrameworksBuildPhase;
			buildActionMask = 2147483647;
			files = (
			);
			runOnlyForDeploymentPostprocessing = 0;
		};
/* End PBXFrameworksBuildPhase section */

/* Begin PBXGroup section */
		4AB95A7225CC40AA00956E74 = {
			isa = PBXGroup;
			children = (
				4AB95A7D25CC40AA00956E74 /* FavouriteThings */,
				4AB95A7C25CC40AA00956E74 /* Products */,
			);
			sourceTree = "<group>";
		};
		4AB95A7C25CC40AA00956E74 /* Products */ = {
			isa = PBXGroup;
			children = (
				4AB95A7B25CC40AA00956E74 /* FavouriteThings.app */,
			);
			name = Products;
			sourceTree = "<group>";
		};
		4AB95A7D25CC40AA00956E74 /* FavouriteThings */ = {
			isa = PBXGroup;
			children = (
				4AB95A7E25CC40AA00956E74 /* FavouriteThingsApp.swift */,
				4AB95A8025CC40AA00956E74 /* ContentView.swift */,
				4AB95A8225CC40AE00956E74 /* Assets.xcassets */,
				4AB95A8725CC40AE00956E74 /* Info.plist */,
				4AB95A8425CC40AE00956E74 /* Preview Content */,
				4AE8A14725CDA8EE008C3ACE /* MeanwhileInCanada.swift */,
				4AE8A14A25CDA906008C3ACE /* ShovelCanadianDriveway.swift */,
				4AE8A14D25CDA913008C3ACE /* ParkingSpot.swift */,
				4AE8A15525CDA9D7008C3ACE /* BeenAPleasure.swift */,
				4A81565E25D1A35E00266327 /* ListItem.swift */,
				4AFE132C25D3227200342C7F /* thing.swift */,
				4AFE132F25D43EA500342C7F /* ThingDetail.swift */,
				4AFE133D25D44DAC00342C7F /* Segments.swift */,
			);
			path = FavouriteThings;
			sourceTree = "<group>";
		};
		4AB95A8425CC40AE00956E74 /* Preview Content */ = {
			isa = PBXGroup;
			children = (
			);
			path = "Preview Content";
			sourceTree = "<group>";
		};
/* End PBXGroup section */

/* Begin PBXNativeTarget section */
		4AB95A7A25CC40AA00956E74 /* FavouriteThings */ = {
			isa = PBXNativeTarget;
			buildConfigurationList = 4AB95A8A25CC40AE00956E74 /* Build configuration list for PBXNativeTarget "FavouriteThings" */;
			buildPhases = (
				4AB95A7725CC40AA00956E74 /* Sources */,
				4AB95A7825CC40AA00956E74 /* Frameworks */,
				4AB95A7925CC40AA00956E74 /* Resources */,
			);
			buildRules = (
			);
			dependencies = (
			);
			name = FavouriteThings;
			productName = FavouriteThings;
			productReference = 4AB95A7B25CC40AA00956E74 /* FavouriteThings.app */;
			productType = "com.apple.product-type.application";
		};
/* End PBXNativeTarget section */

/* Begin PBXProject section */
		4AB95A7325CC40AA00956E74 /* Project object */ = {
			isa = PBXProject;
			attributes = {
				LastSwiftUpdateCheck = 1240;
				LastUpgradeCheck = 1240;
				TargetAttributes = {
					4AB95A7A25CC40AA00956E74 = {
						CreatedOnToolsVersion = 12.4;
					};
				};
			};
			buildConfigurationList = 4AB95A7625CC40AA00956E74 /* Build configuration list for PBXProject "FavouriteThings" */;
			compatibilityVersion = "Xcode 9.3";
			developmentRegion = en;
			hasScannedForEncodings = 0;
			knownRegions = (
				en,
				Base,
			);
			mainGroup = 4AB95A7225CC40AA00956E74;
			productRefGroup = 4AB95A7C25CC40AA00956E74 /* Products */;
			projectDirPath = "";
			projectRoot = "";
			targets = (
				4AB95A7A25CC40AA00956E74 /* FavouriteThings */,
			);
		};
/* End PBXProject section */

/* Begin PBXResourcesBuildPhase section */
		4AB95A7925CC40AA00956E74 /* Resources */ = {
			isa = PBXResourcesBuildPhase;
			buildActionMask = 2147483647;
			files = (
				4AB95A8325CC40AE00956E74 /* Assets.xcassets in Resources */,
			);
			runOnlyForDeploymentPostprocessing = 0;
		};
/* End PBXResourcesBuildPhase section */

/* Begin PBXSourcesBuildPhase section */
		4AB95A7725CC40AA00956E74 /* Sources */ = {
			isa = PBXSourcesBuildPhase;
			buildActionMask = 2147483647;
			files = (
				4AFE132D25D3227200342C7F /* thing.swift in Sources */,
				4AE8A14825CDA8EE008C3ACE /* MeanwhileInCanada.swift in Sources */,
				4A81565F25D1A35E00266327 /* ListItem.swift in Sources */,
				4AB95A8125CC40AA00956E74 /* ContentView.swift in Sources */,
				4AE8A15625CDA9D7008C3ACE /* BeenAPleasure.swift in Sources */,
				4AFE133025D43EA500342C7F /* ThingDetail.swift in Sources */,
				4AE8A14B25CDA906008C3ACE /* ShovelCanadianDriveway.swift in Sources */,
				4AE8A14E25CDA913008C3ACE /* ParkingSpot.swift in Sources */,
				4AB95A7F25CC40AA00956E74 /* FavouriteThingsApp.swift in Sources */,
				4AFE133E25D44DAC00342C7F /* Segments.swift in Sources */,
			);
			runOnlyForDeploymentPostprocessing = 0;
		};
/* End PBXSourcesBuildPhase section */

/* Begin XCBuildConfiguration section */
		4AB95A8825CC40AE00956E74 /* Debug */ = {
			isa = XCBuildConfiguration;
			buildSettings = {
				ALWAYS_SEARCH_USER_PATHS = NO;
				CLANG_ANALYZER_NONNULL = YES;
				CLANG_ANALYZER_NUMBER_OBJECT_CONVERSION = YES_AGGRESSIVE;
				CLANG_CXX_LANGUAGE_STANDARD = "gnu++14";
				CLANG_CXX_LIBRARY = "libc++";
				CLANG_ENABLE_MODULES = YES;
				CLANG_ENABLE_OBJC_ARC = YES;
				CLANG_ENABLE_OBJC_WEAK = YES;
				CLANG_WARN_BLOCK_CAPTURE_AUTORELEASING = YES;
				CLANG_WARN_BOOL_CONVERSION = YES;
				CLANG_WARN_COMMA = YES;
				CLANG_WARN_CONSTANT_CONVERSION = YES;
				CLANG_WARN_DEPRECATED_OBJC_IMPLEMENTATIONS = YES;
				CLANG_WARN_DIRECT_OBJC_ISA_USAGE = YES_ERROR;
				CLANG_WARN_DOCUMENTATION_COMMENTS = YES;
				CLANG_WARN_EMPTY_BODY = YES;
				CLANG_WARN_ENUM_CONVERSION = YES;
				CLANG_WARN_INFINITE_RECURSION = YES;
				CLANG_WARN_INT_CONVERSION = YES;
				CLANG_WARN_NON_LITERAL_NULL_CONVERSION = YES;
				CLANG_WARN_OBJC_IMPLICIT_RETAIN_SELF = YES;
				CLANG_WARN_OBJC_LITERAL_CONVERSION = YES;
				CLANG_WARN_OBJC_ROOT_CLASS = YES_ERROR;
				CLANG_WARN_QUOTED_INCLUDE_IN_FRAMEWORK_HEADER = YES;
				CLANG_WARN_RANGE_LOOP_ANALYSIS = YES;
				CLANG_WARN_STRICT_PROTOTYPES = YES;
				CLANG_WARN_SUSPICIOUS_MOVE = YES;
				CLANG_WARN_UNGUARDED_AVAILABILITY = YES_AGGRESSIVE;
				CLANG_WARN_UNREACHABLE_CODE = YES;
				CLANG_WARN__DUPLICATE_METHOD_MATCH = YES;
				COPY_PHASE_STRIP = NO;
				DEBUG_INFORMATION_FORMAT = dwarf;
				ENABLE_STRICT_OBJC_MSGSEND = YES;
				ENABLE_TESTABILITY = YES;
				GCC_C_LANGUAGE_STANDARD = gnu11;
				GCC_DYNAMIC_NO_PIC = NO;
				GCC_NO_COMMON_BLOCKS = YES;
				GCC_OPTIMIZATION_LEVEL = 0;
				GCC_PREPROCESSOR_DEFINITIONS = (
					"DEBUG=1",
					"$(inherited)",
				);
				GCC_WARN_64_TO_32_BIT_CONVERSION = YES;
				GCC_WARN_ABOUT_RETURN_TYPE = YES_ERROR;
				GCC_WARN_UNDECLARED_SELECTOR = YES;
				GCC_WARN_UNINITIALIZED_AUTOS = YES_AGGRESSIVE;
				GCC_WARN_UNUSED_FUNCTION = YES;
				GCC_WARN_UNUSED_VARIABLE = YES;
				IPHONEOS_DEPLOYMENT_TARGET = 14.4;
				MTL_ENABLE_DEBUG_INFO = INCLUDE_SOURCE;
				MTL_FAST_MATH = YES;
				ONLY_ACTIVE_ARCH = YES;
				SDKROOT = iphoneos;
				SWIFT_ACTIVE_COMPILATION_CONDITIONS = DEBUG;
				SWIFT_OPTIMIZATION_LEVEL = "-Onone";
			};
			name = Debug;
		};
		4AB95A8925CC40AE00956E74 /* Release */ = {
			isa = XCBuildConfiguration;
			buildSettings = {
				ALWAYS_SEARCH_USER_PATHS = NO;
				CLANG_ANALYZER_NONNULL = YES;
				CLANG_ANALYZER_NUMBER_OBJECT_CONVERSION = YES_AGGRESSIVE;
				CLANG_CXX_LANGUAGE_STANDARD = "gnu++14";
				CLANG_CXX_LIBRARY = "libc++";
				CLANG_ENABLE_MODULES = YES;
				CLANG_ENABLE_OBJC_ARC = YES;
				CLANG_ENABLE_OBJC_WEAK = YES;
				CLANG_WARN_BLOCK_CAPTURE_AUTORELEASING = YES;
				CLANG_WARN_BOOL_CONVERSION = YES;
				CLANG_WARN_COMMA = YES;
				CLANG_WARN_CONSTANT_CONVERSION = YES;
				CLANG_WARN_DEPRECATED_OBJC_IMPLEMENTATIONS = YES;
				CLANG_WARN_DIRECT_OBJC_ISA_USAGE = YES_ERROR;
				CLANG_WARN_DOCUMENTATION_COMMENTS = YES;
				CLANG_WARN_EMPTY_BODY = YES;
				CLANG_WARN_ENUM_CONVERSION = YES;
				CLANG_WARN_INFINITE_RECURSION = YES;
				CLANG_WARN_INT_CONVERSION = YES;
				CLANG_WARN_NON_LITERAL_NULL_CONVERSION = YES;
				CLANG_WARN_OBJC_IMPLICIT_RETAIN_SELF = YES;
				CLANG_WARN_OBJC_LITERAL_CONVERSION = YES;
				CLANG_WARN_OBJC_ROOT_CLASS = YES_ERROR;
				CLANG_WARN_QUOTED_INCLUDE_IN_FRAMEWORK_HEADER = YES;
				CLANG_WARN_RANGE_LOOP_ANALYSIS = YES;
				CLANG_WARN_STRICT_PROTOTYPES = YES;
				CLANG_WARN_SUSPICIOUS_MOVE = YES;
				CLANG_WARN_UNGUARDED_AVAILABILITY = YES_AGGRESSIVE;
				CLANG_WARN_UNREACHABLE_CODE = YES;
				CLANG_WARN__DUPLICATE_METHOD_MATCH = YES;
				COPY_PHASE_STRIP = NO;
				DEBUG_INFORMATION_FORMAT = "dwarf-with-dsym";
				ENABLE_NS_ASSERTIONS = NO;
				ENABLE_STRICT_OBJC_MSGSEND = YES;
				GCC_C_LANGUAGE_STANDARD = gnu11;
				GCC_NO_COMMON_BLOCKS = YES;
				GCC_WARN_64_TO_32_BIT_CONVERSION = YES;
				GCC_WARN_ABOUT_RETURN_TYPE = YES_ERROR;
				GCC_WARN_UNDECLARED_SELECTOR = YES;
				GCC_WARN_UNINITIALIZED_AUTOS = YES_AGGRESSIVE;
				GCC_WARN_UNUSED_FUNCTION = YES;
				GCC_WARN_UNUSED_VARIABLE = YES;
				IPHONEOS_DEPLOYMENT_TARGET = 14.4;
				MTL_ENABLE_DEBUG_INFO = NO;
				MTL_FAST_MATH = YES;
				SDKROOT = iphoneos;
				SWIFT_COMPILATION_MODE = wholemodule;
				SWIFT_OPTIMIZATION_LEVEL = "-O";
				VALIDATE_PRODUCT = YES;
			};
			name = Release;
		};
		4AB95A8B25CC40AE00956E74 /* Debug */ = {
			isa = XCBuildConfiguration;
			buildSettings = {
				ASSETCATALOG_COMPILER_APPICON_NAME = AppIcon;
				ASSETCATALOG_COMPILER_GLOBAL_ACCENT_COLOR_NAME = AccentColor;
				CODE_SIGN_STYLE = Automatic;
				DEVELOPMENT_ASSET_PATHS = "\"FavouriteThings/Preview Content\"";
				DEVELOPMENT_TEAM = NC7ZN86S5C;
				ENABLE_PREVIEWS = YES;
				INFOPLIST_FILE = FavouriteThings/Info.plist;
				IPHONEOS_DEPLOYMENT_TARGET = 14.0;
				LD_RUNPATH_SEARCH_PATHS = (
					"$(inherited)",
					"@executable_path/Frameworks",
				);
				PRODUCT_BUNDLE_IDENTIFIER = ca.dsmith.FavouriteThings;
				PRODUCT_NAME = "$(TARGET_NAME)";
				SWIFT_VERSION = 5.0;
				TARGETED_DEVICE_FAMILY = "1,2";
			};
			name = Debug;
		};
		4AB95A8C25CC40AE00956E74 /* Release */ = {
			isa = XCBuildConfiguration;
			buildSettings = {
				ASSETCATALOG_COMPILER_APPICON_NAME = AppIcon;
				ASSETCATALOG_COMPILER_GLOBAL_ACCENT_COLOR_NAME = AccentColor;
				CODE_SIGN_STYLE = Automatic;
				DEVELOPMENT_ASSET_PATHS = "\"FavouriteThings/Preview Content\"";
				DEVELOPMENT_TEAM = NC7ZN86S5C;
				ENABLE_PREVIEWS = YES;
				INFOPLIST_FILE = FavouriteThings/Info.plist;
				IPHONEOS_DEPLOYMENT_TARGET = 14.0;
				LD_RUNPATH_SEARCH_PATHS = (
					"$(inherited)",
					"@executable_path/Frameworks",
				);
				PRODUCT_BUNDLE_IDENTIFIER = ca.dsmith.FavouriteThings;
				PRODUCT_NAME = "$(TARGET_NAME)";
				SWIFT_VERSION = 5.0;
				TARGETED_DEVICE_FAMILY = "1,2";
			};
			name = Release;
		};
/* End XCBuildConfiguration section */

/* Begin XCConfigurationList section */
		4AB95A7625CC40AA00956E74 /* Build configuration list for PBXProject "FavouriteThings" */ = {
			isa = XCConfigurationList;
			buildConfigurations = (
				4AB95A8825CC40AE00956E74 /* Debug */,
				4AB95A8925CC40AE00956E74 /* Release */,
			);
			defaultConfigurationIsVisible = 0;
			defaultConfigurationName = Release;
		};
		4AB95A8A25CC40AE00956E74 /* Build configuration list for PBXNativeTarget "FavouriteThings" */ = {
			isa = XCConfigurationList;
			buildConfigurations = (
				4AB95A8B25CC40AE00956E74 /* Debug */,
				4AB95A8C25CC40AE00956E74 /* Release */,
			);
			defaultConfigurationIsVisible = 0;
			defaultConfigurationName = Release;
		};
/* End XCConfigurationList section */
	};
	rootObject = 4AB95A7325CC40AA00956E74 /* Project object */;
}
